
Microsoft Visual Studio Solution File, Format Version 12.00
# Visual Studio 15
VisualStudioVersion = 15.0.28307.106
MinimumVisualStudioVersion = 10.0.40219.1
Project("{FAE04EC0-301F-11D3-BF4B-00C04F79EFBC}") = "Calculator", "Calculator\Calculator.csproj", "{6AF23B6D-1293-4540-95E2-86B468724069}"
EndProject
Global
	GlobalSection(SolutionConfigurationPlatforms) = preSolution
		Debug|Any CPU = Debug|Any CPU
		Release|Any CPU = Release|Any CPU
	EndGlobalSection
	GlobalSection(ProjectConfigurationPlatforms) = postSolution
		{6AF23B6D-1293-4540-95E2-86B468724069}.Debug|Any CPU.ActiveCfg = Debug|Any CPU
		{6AF23B6D-1293-4540-95E2-86B468724069}.Debug|Any CPU.Build.0 = Debug|Any CPU
		{6AF23B6D-1293-4540-95E2-86B468724069}.Release|Any CPU.ActiveCfg = Release|Any CPU
		{6AF23B6D-1293-4540-95E2-86B468724069}.Release|Any CPU.Build.0 = Release|Any CPU
	EndGlobalSection
	GlobalSection(SolutionProperties) = preSolution
		HideSolutionNode = FALSE
	EndGlobalSection
	GlobalSection(ExtensibilityGlobals) = postSolution
		SolutionGuid = {3B169AA2-67DA-4EB1-BA9A-10D4EEB30480}
	EndGlobalSection
EndGlobal
